hash: de3d160dd758002e56ce365176cee8ef547500852f00685f849727d0be734b76
updated: 2017-12-07T16:32:15.239913203+08:00
imports:
- name: github.com/bmbstack/gron
  version: 96e2171a845ee84949b7fc1f472f164829798ed4
  subpackages:
  - xtime
- name: github.com/BurntSushi/toml
  version: a368813c5e648fee92e5f6c30e3944ff9d5e8895
- name: github.com/denisenkom/go-mssqldb
  version: 88555645b640cc621e32f8693d7586a1aa1575f4
- name: github.com/go-sql-driver/mysql
  version: 370fec2ee5c33c6e2bc3b63da3ef17f6a66d2229
- name: github.com/google/go-querystring
  version: 53e6ce116135b80d037921a7fdd5138cf32d7a8a
- name: github.com/jinzhu/gorm
  version: 0a51f6cdc55d1650d9ed3b4c13026cfa9133b01e
- name: github.com/jinzhu/inflection
  version: 1c35d901db3da928c72a72d8458480cc9ade058f
- name: github.com/joho/godotenv
  version: 6d367c18edf6ca7fd004efd6863e4c5728fa858e
  subpackages:
  - autoload
- name: github.com/labstack/gommon
  version: 57409ada9da0f2afad6664c49502f8c50fbd8476
  subpackages:
  - /color
- name: github.com/levigross/grequests
  version: bf9788368aa04abf510962fd0fb0d8e4b74396cc
- name: github.com/lib/pq
  version: 8c6ee72f3e6bcb1542298dd5f76cb74af9742cec
- name: github.com/mattn/go-colorable
  version: 6fcc0c1fd9b620311d821b106a400b35dc95c497
- name: github.com/mattn/go-isatty
  version: 6ca4dbf54d38eea1a992b3c722a76a5d1c4cb25c
- name: github.com/mattn/go-sqlite3
  version: ed69081a91fd053f17672236b0dd52ba7485e1a3
- name: github.com/urfave/cli
  version: 7ace96b43d4bdc46f81d0d1219742b2469874cf6
- name: github.com/valyala/bytebufferpool
  version: e746df99fe4a3986f4d4f79e13c1e0117ce9c2f7
- name: github.com/valyala/fasttemplate
  version: dcecefd839c4193db0d35b88ec65b4c12d360ab0
- name: go.uber.org/atomic
  version: 8474b86a5a6f79c443ce4b2992817ff32cf208b8
- name: go.uber.org/multierr
  version: 3c4937480c32f4c13a875a1829af76c98ca3d40a
- name: go.uber.org/zap
  version: f85c78b1dd998214c5f2138155b320a4a43fbe36
  subpackages:
  - zapcore
- name: golang.org/x/crypto/md4
  version: ""
- name: golang.org/x/net/context
  version: ""
- name: golang.org/x/net/publicsuffix
  version: ""
- name: gopkg.in/natefinch/lumberjack.v2
  version: a96e63847dc3c67d17befa69c303767e2f84e54f
- name: gopkg.in/urfave/cli.v1
  version: cfb38830724cc34fedffe9a2a29fb54fa9169cd1
- name: gopkg.in/yaml.v2
  version: 287cf08546ab5e7e37d55a84f7ed3fd1db036de5
devImports: []
